// !$*UTF8*$!
{
	archiveVersion = 1;
	classes = {
	};
	objectVersion = 56;
	objects = {

/* Begin PBXBuildFile section */
		A75D2E472B76487200E8AAAB /* ContactsRetrieverApp.swift in Sources */ = {isa = PBXBuildFile; fileRef = A75D2E462B76487200E8AAAB /* ContactsRetrieverApp.swift */; };
		A75D2E4B2B76487500E8AAAB /* Assets.xcassets in Resources */ = {isa = PBXBuildFile; fileRef = A75D2E4A2B76487500E8AAAB /* Assets.xcassets */; };
		A75D2E4E2B76487500E8AAAB /* Preview Assets.xcassets in Resources */ = {isa = PBXBuildFile; fileRef = A75D2E4D2B76487500E8AAAB /* Preview Assets.xcassets */; };
		A75D2E582B76487500E8AAAB /* ContactsRetrieverTests.swift in Sources */ = {isa = PBXBuildFile; fileRef = A75D2E572B76487500E8AAAB /* ContactsRetrieverTests.swift */; };
		A75D2E892B767F5300E8AAAB /* ContactService.swift in Sources */ = {isa = PBXBuildFile; fileRef = A75D2E882B767F5300E8AAAB /* ContactService.swift */; };
		A75D2E8B2B767F8900E8AAAB /* ContactViewModel.swift in Sources */ = {isa = PBXBuildFile; fileRef = A75D2E8A2B767F8900E8AAAB /* ContactViewModel.swift */; };
		A75D2E8E2B767FB200E8AAAB /* Contact.swift in Sources */ = {isa = PBXBuildFile; fileRef = A75D2E8D2B767FB200E8AAAB /* Contact.swift */; };
		A75D2E902B767FF600E8AAAB /* ContactView.swift in Sources */ = {isa = PBXBuildFile; fileRef = A75D2E8F2B767FF600E8AAAB /* ContactView.swift */; };
/* End PBXBuildFile section */

/* Begin PBXContainerItemProxy section */
		A75D2E542B76487500E8AAAB /* PBXContainerItemProxy */ = {
			isa = PBXContainerItemProxy;
			containerPortal = A75D2E3B2B76487200E8AAAB /* Project object */;
			proxyType = 1;
			remoteGlobalIDString = A75D2E422B76487200E8AAAB;
			remoteInfo = ContactsRetriever;
		};
		A75D2E5E2B76487600E8AAAB /* PBXContainerItemProxy */ = {
			isa = PBXContainerItemProxy;
			containerPortal = A75D2E3B2B76487200E8AAAB /* Project object */;
			proxyType = 1;
			remoteGlobalIDString = A75D2E422B76487200E8AAAB;
			remoteInfo = ContactsRetriever;
		};
/* End PBXContainerItemProxy section */

/* Begin PBXFileReference section */
		A75D2E432B76487200E8AAAB /* ContactsRetriever.app */ = {isa = PBXFileReference; explicitFileType = wrapper.application; includeInIndex = 0; path = ContactsRetriever.app; sourceTree = BUILT_PRODUCTS_DIR; };
		A75D2E462B76487200E8AAAB /* ContactsRetrieverApp.swift */ = {isa = PBXFileReference; lastKnownFileType = sourcecode.swift; path = ContactsRetrieverApp.swift; sourceTree = "<group>"; };
		A75D2E4A2B76487500E8AAAB /* Assets.xcassets */ = {isa = PBXFileReference; lastKnownFileType = folder.assetcatalog; path = Assets.xcassets; sourceTree = "<group>"; };
		A75D2E4D2B76487500E8AAAB /* Preview Assets.xcassets */ = {isa = PBXFileReference; lastKnownFileType = folder.assetcatalog; path = "Preview Assets.xcassets"; sourceTree = "<group>"; };
		A75D2E532B76487500E8AAAB /* ContactsRetrieverTests.xctest */ = {isa = PBXFileReference; explicitFileType = wrapper.cfbundle; includeInIndex = 0; path = ContactsRetrieverTests.xctest; sourceTree = BUILT_PRODUCTS_DIR; };
		A75D2E572B76487500E8AAAB /* ContactsRetrieverTests.swift */ = {isa = PBXFileReference; lastKnownFileType = sourcecode.swift; path = ContactsRetrieverTests.swift; sourceTree = "<group>"; };
		A75D2E5D2B76487600E8AAAB /* ContactsRetrieverUITests.xctest */ = {isa = PBXFileReference; explicitFileType = wrapper.cfbundle; includeInIndex = 0; path = ContactsRetrieverUITests.xctest; sourceTree = BUILT_PRODUCTS_DIR; };
		A75D2E882B767F5300E8AAAB /* ContactService.swift */ = {isa = PBXFileReference; lastKnownFileType = sourcecode.swift; path = ContactService.swift; sourceTree = "<group>"; };
		A75D2E8A2B767F8900E8AAAB /* ContactViewModel.swift */ = {isa = PBXFileReference; lastKnownFileType = sourcecode.swift; path = ContactViewModel.swift; sourceTree = "<group>"; };
		A75D2E8D2B767FB200E8AAAB /* Contact.swift */ = {isa = PBXFileReference; lastKnownFileType = sourcecode.swift; path = Contact.swift; sourceTree = "<group>"; };
		A75D2E8F2B767FF600E8AAAB /* ContactView.swift */ = {isa = PBXFileReference; lastKnownFileType = sourcecode.swift; path = ContactView.swift; sourceTree = "<group>"; };
/* End PBXFileReference section */

/* Begin PBXFrameworksBuildPhase section */
		A75D2E402B76487200E8AAAB /* Frameworks */ = {
			isa = PBXFrameworksBuildPhase;
			buildActionMask = 2147483647;
			files = (
			);
			runOnlyForDeploymentPostprocessing = 0;
		};
		A75D2E502B76487500E8AAAB /* Frameworks */ = {
			isa = PBXFrameworksBuildPhase;
			buildActionMask = 2147483647;
			files = (
			);
			runOnlyForDeploymentPostprocessing = 0;
		};
		A75D2E5A2B76487600E8AAAB /* Frameworks */ = {
			isa = PBXFrameworksBuildPhase;
			buildActionMask = 2147483647;
			files = (
			);
			runOnlyForDeploymentPostprocessing = 0;
		};
/* End PBXFrameworksBuildPhase section */

/* Begin PBXGroup section */
		A75D2E3A2B76487200E8AAAB = {
			isa = PBXGroup;
			children = (
				A75D2E452B76487200E8AAAB /* ContactsRetriever */,
				A75D2E562B76487500E8AAAB /* ContactsRetrieverTests */,
				A75D2E442B76487200E8AAAB /* Products */,
			);
			sourceTree = "<group>";
		};
		A75D2E442B76487200E8AAAB /* Products */ = {
			isa = PBXGroup;
			children = (
				A75D2E432B76487200E8AAAB /* ContactsRetriever.app */,
				A75D2E532B76487500E8AAAB /* ContactsRetrieverTests.xctest */,
				A75D2E5D2B76487600E8AAAB /* ContactsRetrieverUITests.xctest */,
			);
			name = Products;
			sourceTree = "<group>";
		};
		A75D2E452B76487200E8AAAB /* ContactsRetriever */ = {
			isa = PBXGroup;
			children = (
				A75D2E842B767EEC00E8AAAB /* Contacts */,
				A75D2E462B76487200E8AAAB /* ContactsRetrieverApp.swift */,
				A75D2E4A2B76487500E8AAAB /* Assets.xcassets */,
				A75D2E4C2B76487500E8AAAB /* Preview Content */,
			);
			path = ContactsRetriever;
			sourceTree = "<group>";
		};
		A75D2E4C2B76487500E8AAAB /* Preview Content */ = {
			isa = PBXGroup;
			children = (
				A75D2E4D2B76487500E8AAAB /* Preview Assets.xcassets */,
			);
			path = "Preview Content";
			sourceTree = "<group>";
		};
		A75D2E562B76487500E8AAAB /* ContactsRetrieverTests */ = {
			isa = PBXGroup;
			children = (
				A75D2E572B76487500E8AAAB /* ContactsRetrieverTests.swift */,
			);
			path = ContactsRetrieverTests;
			sourceTree = "<group>";
		};
		A75D2E842B767EEC00E8AAAB /* Contacts */ = {
			isa = PBXGroup;
			children = (
				A75D2E8C2B767FA600E8AAAB /* Models */,
				A75D2E872B767F2E00E8AAAB /* Services */,
				A75D2E862B767F2600E8AAAB /* ViewModels */,
				A75D2E852B767F1E00E8AAAB /* Views */,
			);
			path = Contacts;
			sourceTree = "<group>";
		};
		A75D2E852B767F1E00E8AAAB /* Views */ = {
			isa = PBXGroup;
			children = (
				A75D2E8F2B767FF600E8AAAB /* ContactView.swift */,
			);
			path = Views;
			sourceTree = "<group>";
		};
		A75D2E862B767F2600E8AAAB /* ViewModels */ = {
			isa = PBXGroup;
			children = (
				A75D2E8A2B767F8900E8AAAB /* ContactViewModel.swift */,
			);
			path = ViewModels;
			sourceTree = "<group>";
		};
		A75D2E872B767F2E00E8AAAB /* Services */ = {
			isa = PBXGroup;
			children = (
				A75D2E882B767F5300E8AAAB /* ContactService.swift */,
			);
			path = Services;
			sourceTree = "<group>";
		};
		A75D2E8C2B767FA600E8AAAB /* Models */ = {
			isa = PBXGroup;
			children = (
				A75D2E8D2B767FB200E8AAAB /* Contact.swift */,
			);
			path = Models;
			sourceTree = "<group>";
		};
/* End PBXGroup section */

/* Begin PBXNativeTarget section */
		A75D2E422B76487200E8AAAB /* ContactsRetriever */ = {
			isa = PBXNativeTarget;
			buildConfigurationList = A75D2E672B76487600E8AAAB /* Build configuration list for PBXNativeTarget "ContactsRetriever" */;
			buildPhases = (
				A75D2E3F2B76487200E8AAAB /* Sources */,
				A75D2E402B76487200E8AAAB /* Frameworks */,
				A75D2E412B76487200E8AAAB /* Resources */,
			);
			buildRules = (
			);
			dependencies = (
			);
			name = ContactsRetriever;
			productName = ContactsRetriever;
			productReference = A75D2E432B76487200E8AAAB /* ContactsRetriever.app */;
			productType = "com.apple.product-type.application";
		};
		A75D2E522B76487500E8AAAB /* ContactsRetrieverTests */ = {
			isa = PBXNativeTarget;
			buildConfigurationList = A75D2E6A2B76487600E8AAAB /* Build configuration list for PBXNativeTarget "ContactsRetrieverTests" */;
			buildPhases = (
				A75D2E4F2B76487500E8AAAB /* Sources */,
				A75D2E502B76487500E8AAAB /* Frameworks */,
				A75D2E512B76487500E8AAAB /* Resources */,
			);
			buildRules = (
			);
			dependencies = (
				A75D2E552B76487500E8AAAB /* PBXTargetDependency */,
			);
			name = ContactsRetrieverTests;
			productName = ContactsRetrieverTests;
			productReference = A75D2E532B76487500E8AAAB /* ContactsRetrieverTests.xctest */;
			productType = "com.apple.product-type.bundle.unit-test";
		};
		A75D2E5C2B76487600E8AAAB /* ContactsRetrieverUITests */ = {
			isa = PBXNativeTarget;
			buildConfigurationList = A75D2E6D2B76487600E8AAAB /* Build configuration list for PBXNativeTarget "ContactsRetrieverUITests" */;
			buildPhases = (
				A75D2E592B76487600E8AAAB /* Sources */,
				A75D2E5A2B76487600E8AAAB /* Frameworks */,
				A75D2E5B2B76487600E8AAAB /* Resources */,
			);
			buildRules = (
			);
			dependencies = (
				A75D2E5F2B76487600E8AAAB /* PBXTargetDependency */,
			);
			name = ContactsRetrieverUITests;
			productName = ContactsRetrieverUITests;
			productReference = A75D2E5D2B76487600E8AAAB /* ContactsRetrieverUITests.xctest */;
			productType = "com.apple.product-type.bundle.ui-testing";
		};
/* End PBXNativeTarget section */

/* Begin PBXProject section */
		A75D2E3B2B76487200E8AAAB /* Project object */ = {
			isa = PBXProject;
			attributes = {
				BuildIndependentTargetsInParallel = 1;
				LastSwiftUpdateCheck = 1520;
				LastUpgradeCheck = 1520;
				TargetAttributes = {
					A75D2E422B76487200E8AAAB = {
						CreatedOnToolsVersion = 15.2;
					};
					A75D2E522B76487500E8AAAB = {
						CreatedOnToolsVersion = 15.2;
						TestTargetID = A75D2E422B76487200E8AAAB;
					};
					A75D2E5C2B76487600E8AAAB = {
						CreatedOnToolsVersion = 15.2;
						TestTargetID = A75D2E422B76487200E8AAAB;
					};
				};
			};
			buildConfigurationList = A75D2E3E2B76487200E8AAAB /* Build configuration list for PBXProject "ContactsRetriever" */;
			compatibilityVersion = "Xcode 14.0";
			developmentRegion = en;
			hasScannedForEncodings = 0;
			knownRegions = (
				en,
				Base,
			);
			mainGroup = A75D2E3A2B76487200E8AAAB;
			productRefGroup = A75D2E442B76487200E8AAAB /* Products */;
			projectDirPath = "";
			projectRoot = "";
			targets = (
				A75D2E422B76487200E8AAAB /* ContactsRetriever */,
				A75D2E522B76487500E8AAAB /* ContactsRetrieverTests */,
				A75D2E5C2B76487600E8AAAB /* ContactsRetrieverUITests */,
			);
		};
/* End PBXProject section */

/* Begin PBXResourcesBuildPhase section */
		A75D2E412B76487200E8AAAB /* Resources */ = {
			isa = PBXResourcesBuildPhase;
			buildActionMask = 2147483647;
			files = (
				A75D2E4E2B76487500E8AAAB /* Preview Assets.xcassets in Resources */,
				A75D2E4B2B76487500E8AAAB /* Assets.xcassets in Resources */,
			);
			runOnlyForDeploymentPostprocessing = 0;
		};
		A75D2E512B76487500E8AAAB /* Resources */ = {
			isa = PBXResourcesBuildPhase;
			buildActionMask = 2147483647;
			files = (
			);
			runOnlyForDeploymentPostprocessing = 0;
		};
		A75D2E5B2B76487600E8AAAB /* Resources */ = {
			isa = PBXResourcesBuildPhase;
			buildActionMask = 2147483647;
			files = (
			);
			runOnlyForDeploymentPostprocessing = 0;
		};
/* End PBXResourcesBuildPhase section */

/* Begin PBXSourcesBuildPhase section */
		A75D2E3F2B76487200E8AAAB /* Sources */ = {
			isa = PBXSourcesBuildPhase;
			buildActionMask = 2147483647;
			files = (
				A75D2E8E2B767FB200E8AAAB /* Contact.swift in Sources */,
				A75D2E892B767F5300E8AAAB /* ContactService.swift in Sources */,
				A75D2E8B2B767F8900E8AAAB /* ContactViewModel.swift in Sources */,
				A75D2E902B767FF600E8AAAB /* ContactView.swift in Sources */,
				A75D2E472B76487200E8AAAB /* ContactsRetrieverApp.swift in Sources */,
			);
			runOnlyForDeploymentPostprocessing = 0;
		};
		A75D2E4F2B76487500E8AAAB /* Sources */ = {
			isa = PBXSourcesBuildPhase;
			buildActionMask = 2147483647;
			files = (
				A75D2E582B76487500E8AAAB /* ContactsRetrieverTests.swift in Sources */,
			);
			runOnlyForDeploymentPostprocessing = 0;
		};
		A75D2E592B76487600E8AAAB /* Sources */ = {
			isa = PBXSourcesBuildPhase;
			buildActionMask = 2147483647;
			files = (
			);
			runOnlyForDeploymentPostprocessing = 0;
		};
/* End PBXSourcesBuildPhase section */

/* Begin PBXTargetDependency section */
		A75D2E552B76487500E8AAAB /* PBXTargetDependency */ = {
			isa = PBXTargetDependency;
			target = A75D2E422B76487200E8AAAB /* ContactsRetriever */;
			targetProxy = A75D2E542B76487500E8AAAB /* PBXContainerItemProxy */;
		};
		A75D2E5F2B76487600E8AAAB /* PBXTargetDependency */ = {
			isa = PBXTargetDependency;
			target = A75D2E422B76487200E8AAAB /* ContactsRetriever */;
			targetProxy = A75D2E5E2B76487600E8AAAB /* PBXContainerItemProxy */;
		};
/* End PBXTargetDependency section */

/* Begin XCBuildConfiguration section */
		A75D2E652B76487600E8AAAB /* Debug */ = {
			isa = XCBuildConfiguration;
			buildSettings = {
				ALWAYS_SEARCH_USER_PATHS = NO;
				ASSETCATALOG_COMPILER_GENERATE_SWIFT_ASSET_SYMBOL_EXTENSIONS = YES;
				CLANG_ANALYZER_NONNULL = YES;
				CLANG_ANALYZER_NUMBER_OBJECT_CONVERSION = YES_AGGRESSIVE;
				CLANG_CXX_LANGUAGE_STANDARD = "gnu++20";
				CLANG_ENABLE_MODULES = YES;
				CLANG_ENABLE_OBJC_ARC = YES;
				CLANG_ENABLE_OBJC_WEAK = YES;
				CLANG_WARN_BLOCK_CAPTURE_AUTORELEASING = YES;
				CLANG_WARN_BOOL_CONVERSION = YES;
				CLANG_WARN_COMMA = YES;
				CLANG_WARN_CONSTANT_CONVERSION = YES;
				CLANG_WARN_DEPRECATED_OBJC_IMPLEMENTATIONS = YES;
				CLANG_WARN_DIRECT_OBJC_ISA_USAGE = YES_ERROR;
				CLANG_WARN_DOCUMENTATION_COMMENTS = YES;
				CLANG_WARN_EMPTY_BODY = YES;
				CLANG_WARN_ENUM_CONVERSION = YES;
				CLANG_WARN_INFINITE_RECURSION = YES;
				CLANG_WARN_INT_CONVERSION = YES;
				CLANG_WARN_NON_LITERAL_NULL_CONVERSION = YES;
				CLANG_WARN_OBJC_IMPLICIT_RETAIN_SELF = YES;
				CLANG_WARN_OBJC_LITERAL_CONVERSION = YES;
				CLANG_WARN_OBJC_ROOT_CLASS = YES_ERROR;
				CLANG_WARN_QUOTED_INCLUDE_IN_FRAMEWORK_HEADER = YES;
				CLANG_WARN_RANGE_LOOP_ANALYSIS = YES;
				CLANG_WARN_STRICT_PROTOTYPES = YES;
				CLANG_WARN_SUSPICIOUS_MOVE = YES;
				CLANG_WARN_UNGUARDED_AVAILABILITY = YES_AGGRESSIVE;
				CLANG_WARN_UNREACHABLE_CODE = YES;
				CLANG_WARN__DUPLICATE_METHOD_MATCH = YES;
				COPY_PHASE_STRIP = NO;
				DEBUG_INFORMATION_FORMAT = dwarf;
				ENABLE_STRICT_OBJC_MSGSEND = YES;
				ENABLE_TESTABILITY = YES;
				ENABLE_USER_SCRIPT_SANDBOXING = YES;
				GCC_C_LANGUAGE_STANDARD = gnu17;
				GCC_DYNAMIC_NO_PIC = NO;
				GCC_NO_COMMON_BLOCKS = YES;
				GCC_OPTIMIZATION_LEVEL = 0;
				GCC_PREPROCESSOR_DEFINITIONS = (
					"DEBUG=1",
					"$(inherited)",
				);
				GCC_WARN_64_TO_32_BIT_CONVERSION = YES;
				GCC_WARN_ABOUT_RETURN_TYPE = YES_ERROR;
				GCC_WARN_UNDECLARED_SELECTOR = YES;
				GCC_WARN_UNINITIALIZED_AUTOS = YES_AGGRESSIVE;
				GCC_WARN_UNUSED_FUNCTION = YES;
				GCC_WARN_UNUSED_VARIABLE = YES;
				IPHONEOS_DEPLOYMENT_TARGET = 17.2;
				LOCALIZATION_PREFERS_STRING_CATALOGS = YES;
				MTL_ENABLE_DEBUG_INFO = INCLUDE_SOURCE;
				MTL_FAST_MATH = YES;
				ONLY_ACTIVE_ARCH = YES;
				SDKROOT = iphoneos;
				SWIFT_ACTIVE_COMPILATION_CONDITIONS = "DEBUG $(inherited)";
				SWIFT_OPTIMIZATION_LEVEL = "-Onone";
			};
			name = Debug;
		};
		A75D2E662B76487600E8AAAB /* Release */ = {
			isa = XCBuildConfiguration;
			buildSettings = {
				ALWAYS_SEARCH_USER_PATHS = NO;
				ASSETCATALOG_COMPILER_GENERATE_SWIFT_ASSET_SYMBOL_EXTENSIONS = YES;
				CLANG_ANALYZER_NONNULL = YES;
				CLANG_ANALYZER_NUMBER_OBJECT_CONVERSION = YES_AGGRESSIVE;
				CLANG_CXX_LANGUAGE_STANDARD = "gnu++20";
				CLANG_ENABLE_MODULES = YES;
				CLANG_ENABLE_OBJC_ARC = YES;
				CLANG_ENABLE_OBJC_WEAK = YES;
				CLANG_WARN_BLOCK_CAPTURE_AUTORELEASING = YES;
				CLANG_WARN_BOOL_CONVERSION = YES;
				CLANG_WARN_COMMA = YES;
				CLANG_WARN_CONSTANT_CONVERSION = YES;
				CLANG_WARN_DEPRECATED_OBJC_IMPLEMENTATIONS = YES;
				CLANG_WARN_DIRECT_OBJC_ISA_USAGE = YES_ERROR;
				CLANG_WARN_DOCUMENTATION_COMMENTS = YES;
				CLANG_WARN_EMPTY_BODY = YES;
				CLANG_WARN_ENUM_CONVERSION = YES;
				CLANG_WARN_INFINITE_RECURSION = YES;
				CLANG_WARN_INT_CONVERSION = YES;
				CLANG_WARN_NON_LITERAL_NULL_CONVERSION = YES;
				CLANG_WARN_OBJC_IMPLICIT_RETAIN_SELF = YES;
				CLANG_WARN_OBJC_LITERAL_CONVERSION = YES;
				CLANG_WARN_OBJC_ROOT_CLASS = YES_ERROR;
				CLANG_WARN_QUOTED_INCLUDE_IN_FRAMEWORK_HEADER = YES;
				CLANG_WARN_RANGE_LOOP_ANALYSIS = YES;
				CLANG_WARN_STRICT_PROTOTYPES = YES;
				CLANG_WARN_SUSPICIOUS_MOVE = YES;
				CLANG_WARN_UNGUARDED_AVAILABILITY = YES_AGGRESSIVE;
				CLANG_WARN_UNREACHABLE_CODE = YES;
				CLANG_WARN__DUPLICATE_METHOD_MATCH = YES;
				COPY_PHASE_STRIP = NO;
				DEBUG_INFORMATION_FORMAT = "dwarf-with-dsym";
				ENABLE_NS_ASSERTIONS = NO;
				ENABLE_STRICT_OBJC_MSGSEND = YES;
				ENABLE_USER_SCRIPT_SANDBOXING = YES;
				GCC_C_LANGUAGE_STANDARD = gnu17;
				GCC_NO_COMMON_BLOCKS = YES;
				GCC_WARN_64_TO_32_BIT_CONVERSION = YES;
				GCC_WARN_ABOUT_RETURN_TYPE = YES_ERROR;
				GCC_WARN_UNDECLARED_SELECTOR = YES;
				GCC_WARN_UNINITIALIZED_AUTOS = YES_AGGRESSIVE;
				GCC_WARN_UNUSED_FUNCTION = YES;
				GCC_WARN_UNUSED_VARIABLE = YES;
				IPHONEOS_DEPLOYMENT_TARGET = 17.2;
				LOCALIZATION_PREFERS_STRING_CATALOGS = YES;
				MTL_ENABLE_DEBUG_INFO = NO;
				MTL_FAST_MATH = YES;
				SDKROOT = iphoneos;
				SWIFT_COMPILATION_MODE = wholemodule;
				VALIDATE_PRODUCT = YES;
			};
			name = Release;
		};
		A75D2E682B76487600E8AAAB /* Debug */ = {
			isa = XCBuildConfiguration;
			buildSettings = {
				ASSETCATALOG_COMPILER_APPICON_NAME = AppIcon;
				ASSETCATALOG_COMPILER_GLOBAL_ACCENT_COLOR_NAME = AccentColor;
				CODE_SIGN_STYLE = Automatic;
				CURRENT_PROJECT_VERSION = 1;
				DEVELOPMENT_ASSET_PATHS = "\"ContactsRetriever/Preview Content\"";
				DEVELOPMENT_TEAM = 46497QA9BW;
				ENABLE_PREVIEWS = YES;
				GENERATE_INFOPLIST_FILE = YES;
				INFOPLIST_KEY_UIApplicationSceneManifest_Generation = YES;
				INFOPLIST_KEY_UIApplicationSupportsIndirectInputEvents = YES;
				INFOPLIST_KEY_UILaunchScreen_Generation = YES;
				INFOPLIST_KEY_UISupportedInterfaceOrientations_iPad = "UIInterfaceOrientationPortrait UIInterfaceOrientationPortraitUpsideDown UIInterfaceOrientationLandscapeLeft UIInterfaceOrientationLandscapeRight";
				INFOPLIST_KEY_UISupportedInterfaceOrientations_iPhone = "UIInterfaceOrientationPortrait UIInterfaceOrientationLandscapeLeft UIInterfaceOrientationLandscapeRight";
				LD_RUNPATH_SEARCH_PATHS = (
					"$(inherited)",
					"@executable_path/Frameworks",
				);
				MARKETING_VERSION = 1.0;
				PRODUCT_BUNDLE_IDENTIFIER = com.fv.pago.ContactsRetriever;
				PRODUCT_NAME = "$(TARGET_NAME)";
				SWIFT_EMIT_LOC_STRINGS = YES;
				SWIFT_VERSION = 5.0;
				TARGETED_DEVICE_FAMILY = "1,2";
			};
			name = Debug;
		};
		A75D2E692B76487600E8AAAB /* Release */ = {
			isa = XCBuildConfiguration;
			buildSettings = {
				ASSETCATALOG_COMPILER_APPICON_NAME = AppIcon;
				ASSETCATALOG_COMPILER_GLOBAL_ACCENT_COLOR_NAME = AccentColor;
				CODE_SIGN_STYLE = Automatic;
				CURRENT_PROJECT_VERSION = 1;
				DEVELOPMENT_ASSET_PATHS = "\"ContactsRetriever/Preview Content\"";
				DEVELOPMENT_TEAM = 46497QA9BW;
				ENABLE_PREVIEWS = YES;
				GENERATE_INFOPLIST_FILE = YES;
				INFOPLIST_KEY_UIApplicationSceneManifest_Generation = YES;
				INFOPLIST_KEY_UIApplicationSupportsIndirectInputEvents = YES;
				INFOPLIST_KEY_UILaunchScreen_Generation = YES;
				INFOPLIST_KEY_UISupportedInterfaceOrientations_iPad = "UIInterfaceOrientationPortrait UIInterfaceOrientationPortraitUpsideDown UIInterfaceOrientationLandscapeLeft UIInterfaceOrientationLandscapeRight";
				INFOPLIST_KEY_UISupportedInterfaceOrientations_iPhone = "UIInterfaceOrientationPortrait UIInterfaceOrientationLandscapeLeft UIInterfaceOrientationLandscapeRight";
				LD_RUNPATH_SEARCH_PATHS = (
					"$(inherited)",
					"@executable_path/Frameworks",
				);
				MARKETING_VERSION = 1.0;
				PRODUCT_BUNDLE_IDENTIFIER = com.fv.pago.ContactsRetriever;
				PRODUCT_NAME = "$(TARGET_NAME)";
				SWIFT_EMIT_LOC_STRINGS = YES;
				SWIFT_VERSION = 5.0;
				TARGETED_DEVICE_FAMILY = "1,2";
			};
			name = Release;
		};
		A75D2E6B2B76487600E8AAAB /* Debug */ = {
			isa = XCBuildConfiguration;
			buildSettings = {
				ALWAYS_EMBED_SWIFT_STANDARD_LIBRARIES = YES;
				BUNDLE_LOADER = "$(TEST_HOST)";
				CODE_SIGN_STYLE = Automatic;
				CURRENT_PROJECT_VERSION = 1;
				DEVELOPMENT_TEAM = 46497QA9BW;
				GENERATE_INFOPLIST_FILE = YES;
				IPHONEOS_DEPLOYMENT_TARGET = 17.2;
				MARKETING_VERSION = 1.0;
				PRODUCT_BUNDLE_IDENTIFIER = com.fv.pago.ContactsRetrieverTests;
				PRODUCT_NAME = "$(TARGET_NAME)";
				SWIFT_EMIT_LOC_STRINGS = NO;
				SWIFT_VERSION = 5.0;
				TARGETED_DEVICE_FAMILY = "1,2";
				TEST_HOST = "$(BUILT_PRODUCTS_DIR)/ContactsRetriever.app/$(BUNDLE_EXECUTABLE_FOLDER_PATH)/ContactsRetriever";
			};
			name = Debug;
		};
		A75D2E6C2B76487600E8AAAB /* Release */ = {
			isa = XCBuildConfiguration;
			buildSettings = {
				ALWAYS_EMBED_SWIFT_STANDARD_LIBRARIES = YES;
				BUNDLE_LOADER = "$(TEST_HOST)";
				CODE_SIGN_STYLE = Automatic;
				CURRENT_PROJECT_VERSION = 1;
				DEVELOPMENT_TEAM = 46497QA9BW;
				GENERATE_INFOPLIST_FILE = YES;
				IPHONEOS_DEPLOYMENT_TARGET = 17.2;
				MARKETING_VERSION = 1.0;
				PRODUCT_BUNDLE_IDENTIFIER = com.fv.pago.ContactsRetrieverTests;
				PRODUCT_NAME = "$(TARGET_NAME)";
				SWIFT_EMIT_LOC_STRINGS = NO;
				SWIFT_VERSION = 5.0;
				TARGETED_DEVICE_FAMILY = "1,2";
				TEST_HOST = "$(BUILT_PRODUCTS_DIR)/ContactsRetriever.app/$(BUNDLE_EXECUTABLE_FOLDER_PATH)/ContactsRetriever";
			};
			name = Release;
		};
		A75D2E6E2B76487600E8AAAB /* Debug */ = {
			isa = XCBuildConfiguration;
			buildSettings = {
				ALWAYS_EMBED_SWIFT_STANDARD_LIBRARIES = YES;
				CODE_SIGN_STYLE = Automatic;
				CURRENT_PROJECT_VERSION = 1;
				DEVELOPMENT_TEAM = 46497QA9BW;
				GENERATE_INFOPLIST_FILE = YES;
				MARKETING_VERSION = 1.0;
				PRODUCT_BUNDLE_IDENTIFIER = com.fv.pago.ContactsRetrieverUITests;
				PRODUCT_NAME = "$(TARGET_NAME)";
				SWIFT_EMIT_LOC_STRINGS = NO;
				SWIFT_VERSION = 5.0;
				TARGETED_DEVICE_FAMILY = "1,2";
				TEST_TARGET_NAME = ContactsRetriever;
			};
			name = Debug;
		};
		A75D2E6F2B76487600E8AAAB /* Release */ = {
			isa = XCBuildConfiguration;
			buildSettings = {
				ALWAYS_EMBED_SWIFT_STANDARD_LIBRARIES = YES;
				CODE_SIGN_STYLE = Automatic;
				CURRENT_PROJECT_VERSION = 1;
				DEVELOPMENT_TEAM = 46497QA9BW;
				GENERATE_INFOPLIST_FILE = YES;
				MARKETING_VERSION = 1.0;
				PRODUCT_BUNDLE_IDENTIFIER = com.fv.pago.ContactsRetrieverUITests;
				PRODUCT_NAME = "$(TARGET_NAME)";
				SWIFT_EMIT_LOC_STRINGS = NO;
				SWIFT_VERSION = 5.0;
				TARGETED_DEVICE_FAMILY = "1,2";
				TEST_TARGET_NAME = ContactsRetriever;
			};
			name = Release;
		};
/* End XCBuildConfiguration section */

/* Begin XCConfigurationList section */
		A75D2E3E2B76487200E8AAAB /* Build configuration list for PBXProject "ContactsRetriever" */ = {
			isa = XCConfigurationList;
			buildConfigurations = (
				A75D2E652B76487600E8AAAB /* Debug */,
				A75D2E662B76487600E8AAAB /* Release */,
			);
			defaultConfigurationIsVisible = 0;
			defaultConfigurationName = Release;
		};
		A75D2E672B76487600E8AAAB /* Build configuration list for PBXNativeTarget "ContactsRetriever" */ = {
			isa = XCConfigurationList;
			buildConfigurations = (
				A75D2E682B76487600E8AAAB /* Debug */,
				A75D2E692B76487600E8AAAB /* Release */,
			);
			defaultConfigurationIsVisible = 0;
			defaultConfigurationName = Release;
		};
		A75D2E6A2B76487600E8AAAB /* Build configuration list for PBXNativeTarget "ContactsRetrieverTests" */ = {
			isa = XCConfigurationList;
			buildConfigurations = (
				A75D2E6B2B76487600E8AAAB /* Debug */,
				A75D2E6C2B76487600E8AAAB /* Release */,
			);
			defaultConfigurationIsVisible = 0;
			defaultConfigurationName = Release;
		};
		A75D2E6D2B76487600E8AAAB /* Build configuration list for PBXNativeTarget "ContactsRetrieverUITests" */ = {
			isa = XCConfigurationList;
			buildConfigurations = (
				A75D2E6E2B76487600E8AAAB /* Debug */,
				A75D2E6F2B76487600E8AAAB /* Release */,
			);
			defaultConfigurationIsVisible = 0;
			defaultConfigurationName = Release;
		};
/* End XCConfigurationList section */
	};
	rootObject = A75D2E3B2B76487200E8AAAB /* Project object */;
}
